
Microsoft Visual Studio Solution File, Format Version 12.00
# Visual Studio 15
VisualStudioVersion = 15.0.27703.2000
MinimumVisualStudioVersion = 10.0.40219.1
Project("{8BC9CEB8-8B4A-11D0-8D11-00A0C91BC942}") = "SKREAM", "SKREAM\SKREAM.vcxproj", "{C41E94E8-8E60-4BDD-8DA6-DEA9B9779351}"
EndProject
Project("{8BC9CEB8-8B4A-11D0-8D11-00A0C91BC942}") = "SKREAM_tester", "SKREAM\bad0b0b0\bad0b0b0.vcxproj", "{11AAF0D3-A0B7-4D7F-9566-72681A62AF83}"
EndProject
Global
	GlobalSection(SolutionConfigurationPlatforms) = preSolution
		Debug|x64 = Debug|x64
		Debug|x86 = Debug|x86
		Release|x64 = Release|x64
		Release|x86 = Release|x86
	EndGlobalSection
	GlobalSection(ProjectConfigurationPlatforms) = postSolution
		{C41E94E8-8E60-4BDD-8DA6-DEA9B9779351}.Debug|x64.ActiveCfg = Debug|x64
		{C41E94E8-8E60-4BDD-8DA6-DEA9B9779351}.Debug|x64.Build.0 = Debug|x64
		{C41E94E8-8E60-4BDD-8DA6-DEA9B9779351}.Debug|x64.Deploy.0 = Debug|x64
		{C41E94E8-8E60-4BDD-8DA6-DEA9B9779351}.Debug|x86.ActiveCfg = Debug|Win32
		{C41E94E8-8E60-4BDD-8DA6-DEA9B9779351}.Debug|x86.Build.0 = Debug|Win32
		{C41E94E8-8E60-4BDD-8DA6-DEA9B9779351}.Debug|x86.Deploy.0 = Debug|Win32
		{C41E94E8-8E60-4BDD-8DA6-DEA9B9779351}.Release|x64.ActiveCfg = Release|x64
		{C41E94E8-8E60-4BDD-8DA6-DEA9B9779351}.Release|x64.Build.0 = Release|x64
		{C41E94E8-8E60-4BDD-8DA6-DEA9B9779351}.Release|x64.Deploy.0 = Release|x64
		{C41E94E8-8E60-4BDD-8DA6-DEA9B9779351}.Release|x86.ActiveCfg = Release|Win32
		{C41E94E8-8E60-4BDD-8DA6-DEA9B9779351}.Release|x86.Build.0 = Release|Win32
		{C41E94E8-8E60-4BDD-8DA6-DEA9B9779351}.Release|x86.Deploy.0 = Release|Win32
		{11AAF0D3-A0B7-4D7F-9566-72681A62AF83}.Debug|x64.ActiveCfg = Debug|x64
		{11AAF0D3-A0B7-4D7F-9566-72681A62AF83}.Debug|x64.Build.0 = Debug|x64
		{11AAF0D3-A0B7-4D7F-9566-72681A62AF83}.Debug|x64.Deploy.0 = Debug|x64
		{11AAF0D3-A0B7-4D7F-9566-72681A62AF83}.Debug|x86.ActiveCfg = Debug|Win32
		{11AAF0D3-A0B7-4D7F-9566-72681A62AF83}.Debug|x86.Build.0 = Debug|Win32
		{11AAF0D3-A0B7-4D7F-9566-72681A62AF83}.Release|x64.ActiveCfg = Release|x64
		{11AAF0D3-A0B7-4D7F-9566-72681A62AF83}.Release|x64.Build.0 = Release|x64
		{11AAF0D3-A0B7-4D7F-9566-72681A62AF83}.Release|x86.ActiveCfg = Release|Win32
		{11AAF0D3-A0B7-4D7F-9566-72681A62AF83}.Release|x86.Build.0 = Release|Win32
	EndGlobalSection
	GlobalSection(SolutionProperties) = preSolution
		HideSolutionNode = FALSE
	EndGlobalSection
	GlobalSection(ExtensibilityGlobals) = postSolution
		SolutionGuid = {A5083929-E0C6-43E4-90C8-249495BC7187}
	EndGlobalSection
EndGlobal
