<?xml version="1.0" encoding="utf-8"?>
<Project ToolsVersion="4.0" xmlns="http://schemas.microsoft.com/developer/msbuild/2003">
  <ItemGroup>
    <Filter Include="Source Files">
      <UniqueIdentifier>{4FC737F1-C7A5-4376-A066-2A32D752A2FF}</UniqueIdentifier>
      <Extensions>cpp;c;cc;cxx;def;odl;idl;hpj;bat;asm;asmx</Extensions>
    </Filter>
    <Filter Include="Header Files">
      <UniqueIdentifier>{93995380-89BD-4b04-88EB-625FBE52EBFB}</UniqueIdentifier>
      <Extensions>h;hpp;hxx;hm;inl;inc;xsd</Extensions>
    </Filter>
    <Filter Include="Resource Files">
      <UniqueIdentifier>{67DA6AB6-F800-4c08-8B7A-83BB121AAD01}</UniqueIdentifier>
      <Extensions>rc;ico;cur;bmp;dlg;rc2;rct;bin;rgs;gif;jpg;jpeg;jpe;resx;tiff;tif;png;wav;mfcribbon-ms</Extensions>
    </Filter>
    <Filter Include="Driver Files">
      <UniqueIdentifier>{8E41214B-6785-4CFE-B992-037D68949A14}</UniqueIdentifier>
      <Extensions>inf;inv;inx;mof;mc;</Extensions>
    </Filter>
    <Filter Include="TypeOverwrite Mitigation">
      <UniqueIdentifier>{6c89a815-0388-4927-a1c8-bccdc9e20cbc}</UniqueIdentifier>
    </Filter>
    <Filter Include="TypeOverwrite Mitigation\Source Files">
      <UniqueIdentifier>{b0cb89aa-649e-4cf2-9132-a36bb1af8db9}</UniqueIdentifier>
    </Filter>
    <Filter Include="TypeOverwrite Mitigation\Header Files">
      <UniqueIdentifier>{73810331-e83c-4863-9099-64ceea8035aa}</UniqueIdentifier>
    </Filter>
    <Filter Include="PoolOverflow Mitigation">
      <UniqueIdentifier>{c0f1d137-0507-40b1-bb8e-c475e96a802a}</UniqueIdentifier>
    </Filter>
    <Filter Include="PoolOverflow Mitigation\Source Files">
      <UniqueIdentifier>{10996397-6cfa-4f40-8054-62e93d3e036f}</UniqueIdentifier>
    </Filter>
    <Filter Include="PoolOverflow Mitigation\Header Files">
      <UniqueIdentifier>{7a50e05a-19f2-47b0-99fd-844b1c1bafe5}</UniqueIdentifier>
    </Filter>
  </ItemGroup>
  <ItemGroup>
    <Inf Include="SKREAM.inf">
      <Filter>Driver Files</Filter>
    </Inf>
  </ItemGroup>
  <ItemGroup>
    <ClCompile Include="Entry.cpp">
      <Filter>Source Files</Filter>
    </ClCompile>
    <ClCompile Include="Config.cpp">
      <Filter>Source Files</Filter>
    </ClCompile>
    <ClCompile Include="TypeOverwriteMitigation.cpp">
      <Filter>TypeOverwrite Mitigation\Source Files</Filter>
    </ClCompile>
    <ClCompile Include="VadUtils.cpp">
      <Filter>TypeOverwrite Mitigation\Source Files</Filter>
    </ClCompile>
    <ClCompile Include="DetoursKernel.cpp">
      <Filter>PoolOverflow Mitigation\Source Files</Filter>
    </ClCompile>
    <ClCompile Include="PoolBloaterMitigation.cpp">
      <Filter>PoolOverflow Mitigation\Source Files</Filter>
    </ClCompile>
    <ClCompile Include="PoolSliderMitigation.cpp">
      <Filter>PoolOverflow Mitigation\Source Files</Filter>
    </ClCompile>
    <ClCompile Include="Random.cpp">
      <Filter>PoolOverflow Mitigation\Source Files</Filter>
    </ClCompile>
  </ItemGroup>
  <ItemGroup>
    <ClInclude Include="Config.h">
      <Filter>Header Files</Filter>
    </ClInclude>
    <ClInclude Include="TypeOverwriteMitigation.h">
      <Filter>TypeOverwrite Mitigation\Header Files</Filter>
    </ClInclude>
    <ClInclude Include="VadUtils.h">
      <Filter>TypeOverwrite Mitigation\Header Files</Filter>
    </ClInclude>
    <ClInclude Include="NativeStructs7.h">
      <Filter>TypeOverwrite Mitigation\Header Files</Filter>
    </ClInclude>
    <ClInclude Include="NativeStructs8.h">
      <Filter>TypeOverwrite Mitigation\Header Files</Filter>
    </ClInclude>
    <ClInclude Include="DetoursKernel.h">
      <Filter>PoolOverflow Mitigation\Header Files</Filter>
    </ClInclude>
    <ClInclude Include="PoolBloaterMitigation.h">
      <Filter>PoolOverflow Mitigation\Header Files</Filter>
    </ClInclude>
    <ClInclude Include="PoolSliderMitigation.h">
      <Filter>PoolOverflow Mitigation\Header Files</Filter>
    </ClInclude>
    <ClInclude Include="Random.h">
      <Filter>PoolOverflow Mitigation\Header Files</Filter>
    </ClInclude>
  </ItemGroup>
</Project>